
Microsoft Visual Studio Solution File, Format Version 12.00
# Visual Studio Version 16
VisualStudioVersion = 16.0.29306.81
MinimumVisualStudioVersion = 10.0.40219.1
Project("{FAE04EC0-301F-11D3-BF4B-00C04F79EFBC}") = "BookShop", "BookShop\BookShop.csproj", "{BBD72D57-6641-461C-AC94-E6C70191630C}"
EndProject
Global
	GlobalSection(SolutionConfigurationPlatforms) = preSolution
		Debug|Any CPU = Debug|Any CPU
		Release|Any CPU = Release|Any CPU
	EndGlobalSection
	GlobalSection(ProjectConfigurationPlatforms) = postSolution
		{BBD72D57-6641-461C-AC94-E6C70191630C}.Debug|Any CPU.ActiveCfg = Debug|Any CPU
		{BBD72D57-6641-461C-AC94-E6C70191630C}.Debug|Any CPU.Build.0 = Debug|Any CPU
		{BBD72D57-6641-461C-AC94-E6C70191630C}.Release|Any CPU.ActiveCfg = Release|Any CPU
		{BBD72D57-6641-461C-AC94-E6C70191630C}.Release|Any CPU.Build.0 = Release|Any CPU
	EndGlobalSection
	GlobalSection(SolutionProperties) = preSolution
		HideSolutionNode = FALSE
	EndGlobalSection
	GlobalSection(ExtensibilityGlobals) = postSolution
		SolutionGuid = {E7801250-1DBA-453B-BA95-E9928B4BB377}
	EndGlobalSection
EndGlobal
